dependencies:
  espressif/ds18b20:
    component_hash: d676429d9f1f686b65ed895e418eb4b331477bcd5d63c27f43dc3d6a2de8f13b
    dependencies:
    - name: espressif/onewire_bus
      registry_url: https://components.espressif.com
      require: private
      version: ^1.0.0
    source:
      registry_url: https://components.espressif.com/
      type: service
    version: 0.1.1
  espressif/onewire_bus:
    component_hash: c4c781940d8bd988432b47ac3ee68479c69e14e01fdfba0b61365b233a3ba5d6
    dependencies:
    - name: idf
      require: private
      version: '>=5.0'
    source:
      registry_url: https://components.espressif.com
      type: service
    version: 1.0.2
  idf:
    source:
      type: idf
    version: 5.4.1
direct_dependencies:
- espressif/ds18b20
manifest_hash: 7c172a01e7ed534052991f31c7a4eeeda9f52078f36668c67ea5646cf5decf3c
target: esp32
version: 2.0.0
